
Microsoft Visual Studio Solution File, Format Version 12.00
# Visual Studio 2013
VisualStudioVersion = 12.0.30501.0
MinimumVisualStudioVersion = 10.0.40219.1
Project("{8BC9CEB8-8B4A-11D0-8D11-00A0C91BC942}") = "AppSMA", "AppSMA\AppSMA.vcxproj", "{2F022F62-4D2B-4B9A-BF14-F0E4528B22A2}"
EndProject
Project("{2150E333-8FDC-42A3-9474-1A3956D46DE8}") = "Solution Items", "Solution Items", "{E21973B5-428B-4C5A-BE76-91982004CB85}"
EndProject
Global
	GlobalSection(SolutionConfigurationPlatforms) = preSolution
		Debug|Win32 = Debug|Win32
		Release|Win32 = Release|Win32
	EndGlobalSection
	GlobalSection(ProjectConfigurationPlatforms) = postSolution
		{2F022F62-4D2B-4B9A-BF14-F0E4528B22A2}.Debug|Win32.ActiveCfg = Debug|Win32
		{2F022F62-4D2B-4B9A-BF14-F0E4528B22A2}.Debug|Win32.Build.0 = Debug|Win32
		{2F022F62-4D2B-4B9A-BF14-F0E4528B22A2}.Release|Win32.ActiveCfg = Release|Win32
		{2F022F62-4D2B-4B9A-BF14-F0E4528B22A2}.Release|Win32.Build.0 = Release|Win32
	EndGlobalSection
	GlobalSection(SolutionProperties) = preSolution
		HideSolutionNode = FALSE
	EndGlobalSection
EndGlobal
